
Microsoft Visual Studio Solution File, Format Version 12.00
# Visual Studio Version 16
VisualStudioVersion = 16.0.29306.81
MinimumVisualStudioVersion = 10.0.40219.1
Project("{FAE04EC0-301F-11D3-BF4B-00C04F79EFBC}") = "SimpleIndexer", "SimpleIndexer.csproj", "{D6257EDD-6489-4C6F-A86B-FB2DC2B485B9}"
EndProject
Global
	GlobalSection(SolutionConfigurationPlatforms) = preSolution
		Debug|Any CPU = Debug|Any CPU
		Release|Any CPU = Release|Any CPU
	EndGlobalSection
	GlobalSection(ProjectConfigurationPlatforms) = postSolution
		{D6257EDD-6489-4C6F-A86B-FB2DC2B485B9}.Debug|Any CPU.ActiveCfg = Debug|Any CPU
		{D6257EDD-6489-4C6F-A86B-FB2DC2B485B9}.Debug|Any CPU.Build.0 = Debug|Any CPU
		{D6257EDD-6489-4C6F-A86B-FB2DC2B485B9}.Release|Any CPU.ActiveCfg = Release|Any CPU
		{D6257EDD-6489-4C6F-A86B-FB2DC2B485B9}.Release|Any CPU.Build.0 = Release|Any CPU
	EndGlobalSection
	GlobalSection(SolutionProperties) = preSolution
		HideSolutionNode = FALSE
	EndGlobalSection
	GlobalSection(ExtensibilityGlobals) = postSolution
		SolutionGuid = {7FAFD82B-08FE-456B-8F32-D2F2221781C1}
	EndGlobalSection
EndGlobal
